// !$*UTF8*$!
{
	archiveVersion = 1;
	classes = {
	};
	objectVersion = 77;
	objects = {

/* Begin PBXContainerItemProxy section */
		D8F7D4DA2D766B4F006BBC82 /* PBXContainerItemProxy */ = {
			isa = PBXContainerItemProxy;
			containerPortal = D8F7D4BC2D766B4B006BBC82 /* Project object */;
			proxyType = 1;
			remoteGlobalIDString = D8F7D4C32D766B4B006BBC82;
			remoteInfo = Citrus;
		};
		D8F7D4E42D766B4F006BBC82 /* PBXContainerItemProxy */ = {
			isa = PBXContainerItemProxy;
			containerPortal = D8F7D4BC2D766B4B006BBC82 /* Project object */;
			proxyType = 1;
			remoteGlobalIDString = D8F7D4C32D766B4B006BBC82;
			remoteInfo = Citrus;
		};
/* End PBXContainerItemProxy section */

/* Begin PBXFileReference section */
		D8F7D4C42D766B4B006BBC82 /* Citrus.app */ = {isa = PBXFileReference; explicitFileType = wrapper.application; includeInIndex = 0; path = Citrus.app; sourceTree = BUILT_PRODUCTS_DIR; };
		D8F7D4D92D766B4F006BBC82 /* CitrusTests.xctest */ = {isa = PBXFileReference; explicitFileType = wrapper.cfbundle; includeInIndex = 0; path = CitrusTests.xctest; sourceTree = BUILT_PRODUCTS_DIR; };
		D8F7D4E32D766B4F006BBC82 /* CitrusUITests.xctest */ = {isa = PBXFileReference; explicitFileType = wrapper.cfbundle; includeInIndex = 0; path = CitrusUITests.xctest; sourceTree = BUILT_PRODUCTS_DIR; };
/* End PBXFileReference section */

/* Begin PBXFileSystemSynchronizedRootGroup section */
		D8F7D4C62D766B4B006BBC82 /* Citrus */ = {
			isa = PBXFileSystemSynchronizedRootGroup;
			path = Citrus;
			sourceTree = "<group>";
		};
		D8F7D4DC2D766B4F006BBC82 /* CitrusTests */ = {
			isa = PBXFileSystemSynchronizedRootGroup;
			path = CitrusTests;
			sourceTree = "<group>";
		};
		D8F7D4E62D766B4F006BBC82 /* CitrusUITests */ = {
			isa = PBXFileSystemSynchronizedRootGroup;
			path = CitrusUITests;
			sourceTree = "<group>";
		};
/* End PBXFileSystemSynchronizedRootGroup section */

/* Begin PBXFrameworksBuildPhase section */
		D8F7D4C12D766B4B006BBC82 /* Frameworks */ = {
			isa = PBXFrameworksBuildPhase;
			buildActionMask = 2147483647;
			files = (
			);
			runOnlyForDeploymentPostprocessing = 0;
		};
		D8F7D4D62D766B4F006BBC82 /* Frameworks */ = {
			isa = PBXFrameworksBuildPhase;
			buildActionMask = 2147483647;
			files = (
			);
			runOnlyForDeploymentPostprocessing = 0;
		};
		D8F7D4E02D766B4F006BBC82 /* Frameworks */ = {
			isa = PBXFrameworksBuildPhase;
			buildActionMask = 2147483647;
			files = (
			);
			runOnlyForDeploymentPostprocessing = 0;
		};
/* End PBXFrameworksBuildPhase section */

/* Begin PBXGroup section */
		D8F7D4BB2D766B4B006BBC82 = {
			isa = PBXGroup;
			children = (
				D8F7D4C62D766B4B006BBC82 /* Citrus */,
				D8F7D4DC2D766B4F006BBC82 /* CitrusTests */,
				D8F7D4E62D766B4F006BBC82 /* CitrusUITests */,
				D8F7D4C52D766B4B006BBC82 /* Products */,
			);
			sourceTree = "<group>";
		};
		D8F7D4C52D766B4B006BBC82 /* Products */ = {
			isa = PBXGroup;
			children = (
				D8F7D4C42D766B4B006BBC82 /* Citrus.app */,
				D8F7D4D92D766B4F006BBC82 /* CitrusTests.xctest */,
				D8F7D4E32D766B4F006BBC82 /* CitrusUITests.xctest */,
			);
			name = Products;
			sourceTree = "<group>";
		};
/* End PBXGroup section */

/* Begin PBXNativeTarget section */
		D8F7D4C32D766B4B006BBC82 /* Citrus */ = {
			isa = PBXNativeTarget;
			buildConfigurationList = D8F7D4ED2D766B4F006BBC82 /* Build configuration list for PBXNativeTarget "Citrus" */;
			buildPhases = (
				D8F7D4C02D766B4B006BBC82 /* Sources */,
				D8F7D4C12D766B4B006BBC82 /* Frameworks */,
				D8F7D4C22D766B4B006BBC82 /* Resources */,
			);
			buildRules = (
			);
			dependencies = (
			);
			fileSystemSynchronizedGroups = (
				D8F7D4C62D766B4B006BBC82 /* Citrus */,
			);
			name = Citrus;
			packageProductDependencies = (
			);
			productName = Citrus;
			productReference = D8F7D4C42D766B4B006BBC82 /* Citrus.app */;
			productType = "com.apple.product-type.application";
		};
		D8F7D4D82D766B4F006BBC82 /* CitrusTests */ = {
			isa = PBXNativeTarget;
			buildConfigurationList = D8F7D4F02D766B4F006BBC82 /* Build configuration list for PBXNativeTarget "CitrusTests" */;
			buildPhases = (
				D8F7D4D52D766B4F006BBC82 /* Sources */,
				D8F7D4D62D766B4F006BBC82 /* Frameworks */,
				D8F7D4D72D766B4F006BBC82 /* Resources */,
			);
			buildRules = (
			);
			dependencies = (
				D8F7D4DB2D766B4F006BBC82 /* PBXTargetDependency */,
			);
			fileSystemSynchronizedGroups = (
				D8F7D4DC2D766B4F006BBC82 /* CitrusTests */,
			);
			name = CitrusTests;
			packageProductDependencies = (
			);
			productName = CitrusTests;
			productReference = D8F7D4D92D766B4F006BBC82 /* CitrusTests.xctest */;
			productType = "com.apple.product-type.bundle.unit-test";
		};
		D8F7D4E22D766B4F006BBC82 /* CitrusUITests */ = {
			isa = PBXNativeTarget;
			buildConfigurationList = D8F7D4F32D766B4F006BBC82 /* Build configuration list for PBXNativeTarget "CitrusUITests" */;
			buildPhases = (
				D8F7D4DF2D766B4F006BBC82 /* Sources */,
				D8F7D4E02D766B4F006BBC82 /* Frameworks */,
				D8F7D4E12D766B4F006BBC82 /* Resources */,
			);
			buildRules = (
			);
			dependencies = (
				D8F7D4E52D766B4F006BBC82 /* PBXTargetDependency */,
			);
			fileSystemSynchronizedGroups = (
				D8F7D4E62D766B4F006BBC82 /* CitrusUITests */,
			);
			name = CitrusUITests;
			packageProductDependencies = (
			);
			productName = CitrusUITests;
			productReference = D8F7D4E32D766B4F006BBC82 /* CitrusUITests.xctest */;
			productType = "com.apple.product-type.bundle.ui-testing";
		};
/* End PBXNativeTarget section */

/* Begin PBXProject section */
		D8F7D4BC2D766B4B006BBC82 /* Project object */ = {
			isa = PBXProject;
			attributes = {
				BuildIndependentTargetsInParallel = 1;
				LastSwiftUpdateCheck = 1600;
				LastUpgradeCheck = 1600;
				TargetAttributes = {
					D8F7D4C32D766B4B006BBC82 = {
						CreatedOnToolsVersion = 16.0;
					};
					D8F7D4D82D766B4F006BBC82 = {
						CreatedOnToolsVersion = 16.0;
						TestTargetID = D8F7D4C32D766B4B006BBC82;
					};
					D8F7D4E22D766B4F006BBC82 = {
						CreatedOnToolsVersion = 16.0;
						TestTargetID = D8F7D4C32D766B4B006BBC82;
					};
				};
			};
			buildConfigurationList = D8F7D4BF2D766B4B006BBC82 /* Build configuration list for PBXProject "Citrus" */;
			developmentRegion = en;
			hasScannedForEncodings = 0;
			knownRegions = (
				en,
				Base,
			);
			mainGroup = D8F7D4BB2D766B4B006BBC82;
			minimizedProjectReferenceProxies = 1;
			preferredProjectObjectVersion = 77;
			productRefGroup = D8F7D4C52D766B4B006BBC82 /* Products */;
			projectDirPath = "";
			projectRoot = "";
			targets = (
				D8F7D4C32D766B4B006BBC82 /* Citrus */,
				D8F7D4D82D766B4F006BBC82 /* CitrusTests */,
				D8F7D4E22D766B4F006BBC82 /* CitrusUITests */,
			);
		};
/* End PBXProject section */

/* Begin PBXResourcesBuildPhase section */
		D8F7D4C22D766B4B006BBC82 /* Resources */ = {
			isa = PBXResourcesBuildPhase;
			buildActionMask = 2147483647;
			files = (
			);
			runOnlyForDeploymentPostprocessing = 0;
		};
		D8F7D4D72D766B4F006BBC82 /* Resources */ = {
			isa = PBXResourcesBuildPhase;
			buildActionMask = 2147483647;
			files = (
			);
			runOnlyForDeploymentPostprocessing = 0;
		};
		D8F7D4E12D766B4F006BBC82 /* Resources */ = {
			isa = PBXResourcesBuildPhase;
			buildActionMask = 2147483647;
			files = (
			);
			runOnlyForDeploymentPostprocessing = 0;
		};
/* End PBXResourcesBuildPhase section */

/* Begin PBXSourcesBuildPhase section */
		D8F7D4C02D766B4B006BBC82 /* Sources */ = {
			isa = PBXSourcesBuildPhase;
			buildActionMask = 2147483647;
			files = (
			);
			runOnlyForDeploymentPostprocessing = 0;
		};
		D8F7D4D52D766B4F006BBC82 /* Sources */ = {
			isa = PBXSourcesBuildPhase;
			buildActionMask = 2147483647;
			files = (
			);
			runOnlyForDeploymentPostprocessing = 0;
		};
		D8F7D4DF2D766B4F006BBC82 /* Sources */ = {
			isa = PBXSourcesBuildPhase;
			buildActionMask = 2147483647;
			files = (
			);
			runOnlyForDeploymentPostprocessing = 0;
		};
/* End PBXSourcesBuildPhase section */

/* Begin PBXTargetDependency section */
		D8F7D4DB2D766B4F006BBC82 /* PBXTargetDependency */ = {
			isa = PBXTargetDependency;
			target = D8F7D4C32D766B4B006BBC82 /* Citrus */;
			targetProxy = D8F7D4DA2D766B4F006BBC82 /* PBXContainerItemProxy */;
		};
		D8F7D4E52D766B4F006BBC82 /* PBXTargetDependency */ = {
			isa = PBXTargetDependency;
			target = D8F7D4C32D766B4B006BBC82 /* Citrus */;
			targetProxy = D8F7D4E42D766B4F006BBC82 /* PBXContainerItemProxy */;
		};
/* End PBXTargetDependency section */

/* Begin XCBuildConfiguration section */
		D8F7D4EB2D766B4F006BBC82 /* Debug */ = {
			isa = XCBuildConfiguration;
			buildSettings = {
				ALWAYS_SEARCH_USER_PATHS = NO;
				ASSETCATALOG_COMPILER_GENERATE_SWIFT_ASSET_SYMBOL_EXTENSIONS = YES;
				CLANG_ANALYZER_NONNULL = YES;
				CLANG_ANALYZER_NUMBER_OBJECT_CONVERSION = YES_AGGRESSIVE;
				CLANG_CXX_LANGUAGE_STANDARD = "gnu++20";
				CLANG_ENABLE_MODULES = YES;
				CLANG_ENABLE_OBJC_ARC = YES;
				CLANG_ENABLE_OBJC_WEAK = YES;
				CLANG_WARN_BLOCK_CAPTURE_AUTORELEASING = YES;
				CLANG_WARN_BOOL_CONVERSION = YES;
				CLANG_WARN_COMMA = YES;
				CLANG_WARN_CONSTANT_CONVERSION = YES;
				CLANG_WARN_DEPRECATED_OBJC_IMPLEMENTATIONS = YES;
				CLANG_WARN_DIRECT_OBJC_ISA_USAGE = YES_ERROR;
				CLANG_WARN_DOCUMENTATION_COMMENTS = YES;
				CLANG_WARN_EMPTY_BODY = YES;
				CLANG_WARN_ENUM_CONVERSION = YES;
				CLANG_WARN_INFINITE_RECURSION = YES;
				CLANG_WARN_INT_CONVERSION = YES;
				CLANG_WARN_NON_LITERAL_NULL_CONVERSION = YES;
				CLANG_WARN_OBJC_IMPLICIT_RETAIN_SELF = YES;
				CLANG_WARN_OBJC_LITERAL_CONVERSION = YES;
				CLANG_WARN_OBJC_ROOT_CLASS = YES_ERROR;
				CLANG_WARN_QUOTED_INCLUDE_IN_FRAMEWORK_HEADER = YES;
				CLANG_WARN_RANGE_LOOP_ANALYSIS = YES;
				CLANG_WARN_STRICT_PROTOTYPES = YES;
				CLANG_WARN_SUSPICIOUS_MOVE = YES;
				CLANG_WARN_UNGUARDED_AVAILABILITY = YES_AGGRESSIVE;
				CLANG_WARN_UNREACHABLE_CODE = YES;
				CLANG_WARN__DUPLICATE_METHOD_MATCH = YES;
				COPY_PHASE_STRIP = NO;
				DEBUG_INFORMATION_FORMAT = dwarf;
				ENABLE_STRICT_OBJC_MSGSEND = YES;
				ENABLE_TESTABILITY = YES;
				ENABLE_USER_SCRIPT_SANDBOXING = YES;
				GCC_C_LANGUAGE_STANDARD = gnu17;
				GCC_DYNAMIC_NO_PIC = NO;
				GCC_NO_COMMON_BLOCKS = YES;
				GCC_OPTIMIZATION_LEVEL = 0;
				GCC_PREPROCESSOR_DEFINITIONS = (
					"DEBUG=1",
					"$(inherited)",
				);
				GCC_WARN_64_TO_32_BIT_CONVERSION = YES;
				GCC_WARN_ABOUT_RETURN_TYPE = YES_ERROR;
				GCC_WARN_UNDECLARED_SELECTOR = YES;
				GCC_WARN_UNINITIALIZED_AUTOS = YES_AGGRESSIVE;
				GCC_WARN_UNUSED_FUNCTION = YES;
				GCC_WARN_UNUSED_VARIABLE = YES;
				IPHONEOS_DEPLOYMENT_TARGET = 18.0;
				LOCALIZATION_PREFERS_STRING_CATALOGS = YES;
				MTL_ENABLE_DEBUG_INFO = INCLUDE_SOURCE;
				MTL_FAST_MATH = YES;
				ONLY_ACTIVE_ARCH = YES;
				SDKROOT = iphoneos;
				SWIFT_ACTIVE_COMPILATION_CONDITIONS = "DEBUG $(inherited)";
				SWIFT_OPTIMIZATION_LEVEL = "-Onone";
			};
			name = Debug;
		};
		D8F7D4EC2D766B4F006BBC82 /* Release */ = {
			isa = XCBuildConfiguration;
			buildSettings = {
				ALWAYS_SEARCH_USER_PATHS = NO;
				ASSETCATALOG_COMPILER_GENERATE_SWIFT_ASSET_SYMBOL_EXTENSIONS = YES;
				CLANG_ANALYZER_NONNULL = YES;
				CLANG_ANALYZER_NUMBER_OBJECT_CONVERSION = YES_AGGRESSIVE;
				CLANG_CXX_LANGUAGE_STANDARD = "gnu++20";
				CLANG_ENABLE_MODULES = YES;
				CLANG_ENABLE_OBJC_ARC = YES;
				CLANG_ENABLE_OBJC_WEAK = YES;
				CLANG_WARN_BLOCK_CAPTURE_AUTORELEASING = YES;
				CLANG_WARN_BOOL_CONVERSION = YES;
				CLANG_WARN_COMMA = YES;
				CLANG_WARN_CONSTANT_CONVERSION = YES;
				CLANG_WARN_DEPRECATED_OBJC_IMPLEMENTATIONS = YES;
				CLANG_WARN_DIRECT_OBJC_ISA_USAGE = YES_ERROR;
				CLANG_WARN_DOCUMENTATION_COMMENTS = YES;
				CLANG_WARN_EMPTY_BODY = YES;
				CLANG_WARN_ENUM_CONVERSION = YES;
				CLANG_WARN_INFINITE_RECURSION = YES;
				CLANG_WARN_INT_CONVERSION = YES;
				CLANG_WARN_NON_LITERAL_NULL_CONVERSION = YES;
				CLANG_WARN_OBJC_IMPLICIT_RETAIN_SELF = YES;
				CLANG_WARN_OBJC_LITERAL_CONVERSION = YES;
				CLANG_WARN_OBJC_ROOT_CLASS = YES_ERROR;
				CLANG_WARN_QUOTED_INCLUDE_IN_FRAMEWORK_HEADER = YES;
				CLANG_WARN_RANGE_LOOP_ANALYSIS = YES;
				CLANG_WARN_STRICT_PROTOTYPES = YES;
				CLANG_WARN_SUSPICIOUS_MOVE = YES;
				CLANG_WARN_UNGUARDED_AVAILABILITY = YES_AGGRESSIVE;
				CLANG_WARN_UNREACHABLE_CODE = YES;
				CLANG_WARN__DUPLICATE_METHOD_MATCH = YES;
				COPY_PHASE_STRIP = NO;
				DEBUG_INFORMATION_FORMAT = "dwarf-with-dsym";
				ENABLE_NS_ASSERTIONS = NO;
				ENABLE_STRICT_OBJC_MSGSEND = YES;
				ENABLE_USER_SCRIPT_SANDBOXING = YES;
				GCC_C_LANGUAGE_STANDARD = gnu17;
				GCC_NO_COMMON_BLOCKS = YES;
				GCC_WARN_64_TO_32_BIT_CONVERSION = YES;
				GCC_WARN_ABOUT_RETURN_TYPE = YES_ERROR;
				GCC_WARN_UNDECLARED_SELECTOR = YES;
				GCC_WARN_UNINITIALIZED_AUTOS = YES_AGGRESSIVE;
				GCC_WARN_UNUSED_FUNCTION = YES;
				GCC_WARN_UNUSED_VARIABLE = YES;
				IPHONEOS_DEPLOYMENT_TARGET = 18.0;
				LOCALIZATION_PREFERS_STRING_CATALOGS = YES;
				MTL_ENABLE_DEBUG_INFO = NO;
				MTL_FAST_MATH = YES;
				SDKROOT = iphoneos;
				SWIFT_COMPILATION_MODE = wholemodule;
				VALIDATE_PRODUCT = YES;
			};
			name = Release;
		};
		D8F7D4EE2D766B4F006BBC82 /* Debug */ = {
			isa = XCBuildConfiguration;
			buildSettings = {
				ASSETCATALOG_COMPILER_APPICON_NAME = AppIcon;
				ASSETCATALOG_COMPILER_GLOBAL_ACCENT_COLOR_NAME = AccentColor;
				CODE_SIGN_STYLE = Automatic;
				CURRENT_PROJECT_VERSION = 1;
				DEVELOPMENT_ASSET_PATHS = "\"Citrus/Preview Content\"";
				ENABLE_PREVIEWS = YES;
				GENERATE_INFOPLIST_FILE = YES;
				INFOPLIST_KEY_UIApplicationSceneManifest_Generation = YES;
				INFOPLIST_KEY_UIApplicationSupportsIndirectInputEvents = YES;
				INFOPLIST_KEY_UILaunchScreen_Generation = YES;
				INFOPLIST_KEY_UISupportedInterfaceOrientations_iPad = "UIInterfaceOrientationPortrait UIInterfaceOrientationPortraitUpsideDown UIInterfaceOrientationLandscapeLeft UIInterfaceOrientationLandscapeRight";
				INFOPLIST_KEY_UISupportedInterfaceOrientations_iPhone = "UIInterfaceOrientationPortrait UIInterfaceOrientationLandscapeLeft UIInterfaceOrientationLandscapeRight";
				LD_RUNPATH_SEARCH_PATHS = (
					"$(inherited)",
					"@executable_path/Frameworks",
				);
				MARKETING_VERSION = 1.0;
				PRODUCT_BUNDLE_IDENTIFIER = fruit.Citrus;
				PRODUCT_NAME = "$(TARGET_NAME)";
				SWIFT_EMIT_LOC_STRINGS = YES;
				SWIFT_VERSION = 5.0;
				TARGETED_DEVICE_FAMILY = "1,2";
			};
			name = Debug;
		};
		D8F7D4EF2D766B4F006BBC82 /* Release */ = {
			isa = XCBuildConfiguration;
			buildSettings = {
				ASSETCATALOG_COMPILER_APPICON_NAME = AppIcon;
				ASSETCATALOG_COMPILER_GLOBAL_ACCENT_COLOR_NAME = AccentColor;
				CODE_SIGN_STYLE = Automatic;
				CURRENT_PROJECT_VERSION = 1;
				DEVELOPMENT_ASSET_PATHS = "\"Citrus/Preview Content\"";
				ENABLE_PREVIEWS = YES;
				GENERATE_INFOPLIST_FILE = YES;
				INFOPLIST_KEY_UIApplicationSceneManifest_Generation = YES;
				INFOPLIST_KEY_UIApplicationSupportsIndirectInputEvents = YES;
				INFOPLIST_KEY_UILaunchScreen_Generation = YES;
				INFOPLIST_KEY_UISupportedInterfaceOrientations_iPad = "UIInterfaceOrientationPortrait UIInterfaceOrientationPortraitUpsideDown UIInterfaceOrientationLandscapeLeft UIInterfaceOrientationLandscapeRight";
				INFOPLIST_KEY_UISupportedInterfaceOrientations_iPhone = "UIInterfaceOrientationPortrait UIInterfaceOrientationLandscapeLeft UIInterfaceOrientationLandscapeRight";
				LD_RUNPATH_SEARCH_PATHS = (
					"$(inherited)",
					"@executable_path/Frameworks",
				);
				MARKETING_VERSION = 1.0;
				PRODUCT_BUNDLE_IDENTIFIER = fruit.Citrus;
				PRODUCT_NAME = "$(TARGET_NAME)";
				SWIFT_EMIT_LOC_STRINGS = YES;
				SWIFT_VERSION = 5.0;
				TARGETED_DEVICE_FAMILY = "1,2";
			};
			name = Release;
		};
		D8F7D4F12D766B4F006BBC82 /* Debug */ = {
			isa = XCBuildConfiguration;
			buildSettings = {
				BUNDLE_LOADER = "$(TEST_HOST)";
				CODE_SIGN_STYLE = Automatic;
				CURRENT_PROJECT_VERSION = 1;
				GENERATE_INFOPLIST_FILE = YES;
				IPHONEOS_DEPLOYMENT_TARGET = 18.0;
				MARKETING_VERSION = 1.0;
				PRODUCT_BUNDLE_IDENTIFIER = fruit.CitrusTests;
				PRODUCT_NAME = "$(TARGET_NAME)";
				SWIFT_EMIT_LOC_STRINGS = NO;
				SWIFT_VERSION = 5.0;
				TARGETED_DEVICE_FAMILY = "1,2";
				TEST_HOST = "$(BUILT_PRODUCTS_DIR)/Citrus.app/$(BUNDLE_EXECUTABLE_FOLDER_PATH)/Citrus";
			};
			name = Debug;
		};
		D8F7D4F22D766B4F006BBC82 /* Release */ = {
			isa = XCBuildConfiguration;
			buildSettings = {
				BUNDLE_LOADER = "$(TEST_HOST)";
				CODE_SIGN_STYLE = Automatic;
				CURRENT_PROJECT_VERSION = 1;
				GENERATE_INFOPLIST_FILE = YES;
				IPHONEOS_DEPLOYMENT_TARGET = 18.0;
				MARKETING_VERSION = 1.0;
				PRODUCT_BUNDLE_IDENTIFIER = fruit.CitrusTests;
				PRODUCT_NAME = "$(TARGET_NAME)";
				SWIFT_EMIT_LOC_STRINGS = NO;
				SWIFT_VERSION = 5.0;
				TARGETED_DEVICE_FAMILY = "1,2";
				TEST_HOST = "$(BUILT_PRODUCTS_DIR)/Citrus.app/$(BUNDLE_EXECUTABLE_FOLDER_PATH)/Citrus";
			};
			name = Release;
		};
		D8F7D4F42D766B4F006BBC82 /* Debug */ = {
			isa = XCBuildConfiguration;
			buildSettings = {
				CODE_SIGN_STYLE = Automatic;
				CURRENT_PROJECT_VERSION = 1;
				GENERATE_INFOPLIST_FILE = YES;
				MARKETING_VERSION = 1.0;
				PRODUCT_BUNDLE_IDENTIFIER = fruit.CitrusUITests;
				PRODUCT_NAME = "$(TARGET_NAME)";
				SWIFT_EMIT_LOC_STRINGS = NO;
				SWIFT_VERSION = 5.0;
				TARGETED_DEVICE_FAMILY = "1,2";
				TEST_TARGET_NAME = Citrus;
			};
			name = Debug;
		};
		D8F7D4F52D766B4F006BBC82 /* Release */ = {
			isa = XCBuildConfiguration;
			buildSettings = {
				CODE_SIGN_STYLE = Automatic;
				CURRENT_PROJECT_VERSION = 1;
				GENERATE_INFOPLIST_FILE = YES;
				MARKETING_VERSION = 1.0;
				PRODUCT_BUNDLE_IDENTIFIER = fruit.CitrusUITests;
				PRODUCT_NAME = "$(TARGET_NAME)";
				SWIFT_EMIT_LOC_STRINGS = NO;
				SWIFT_VERSION = 5.0;
				TARGETED_DEVICE_FAMILY = "1,2";
				TEST_TARGET_NAME = Citrus;
			};
			name = Release;
		};
/* End XCBuildConfiguration section */

/* Begin XCConfigurationList section */
		D8F7D4BF2D766B4B006BBC82 /* Build configuration list for PBXProject "Citrus" */ = {
			isa = XCConfigurationList;
			buildConfigurations = (
				D8F7D4EB2D766B4F006BBC82 /* Debug */,
				D8F7D4EC2D766B4F006BBC82 /* Release */,
			);
			defaultConfigurationIsVisible = 0;
			defaultConfigurationName = Release;
		};
		D8F7D4ED2D766B4F006BBC82 /* Build configuration list for PBXNativeTarget "Citrus" */ = {
			isa = XCConfigurationList;
			buildConfigurations = (
				D8F7D4EE2D766B4F006BBC82 /* Debug */,
				D8F7D4EF2D766B4F006BBC82 /* Release */,
			);
			defaultConfigurationIsVisible = 0;
			defaultConfigurationName = Release;
		};
		D8F7D4F02D766B4F006BBC82 /* Build configuration list for PBXNativeTarget "CitrusTests" */ = {
			isa = XCConfigurationList;
			buildConfigurations = (
				D8F7D4F12D766B4F006BBC82 /* Debug */,
				D8F7D4F22D766B4F006BBC82 /* Release */,
			);
			defaultConfigurationIsVisible = 0;
			defaultConfigurationName = Release;
		};
		D8F7D4F32D766B4F006BBC82 /* Build configuration list for PBXNativeTarget "CitrusUITests" */ = {
			isa = XCConfigurationList;
			buildConfigurations = (
				D8F7D4F42D766B4F006BBC82 /* Debug */,
				D8F7D4F52D766B4F006BBC82 /* Release */,
			);
			defaultConfigurationIsVisible = 0;
			defaultConfigurationName = Release;
		};
/* End XCConfigurationList section */
	};
	rootObject = D8F7D4BC2D766B4B006BBC82 /* Project object */;
}
